PODS:
  - ReSwift (4.0.1)
  - ReSwiftConsumer (0.2.0):
    - ReSwift

DEPENDENCIES:
  - ReSwift
  - ReSwiftConsumer (from `../`)

SPEC REPOS:
  https://github.com/CocoaPods/Specs.git:
    - ReSwift

EXTERNAL SOURCES:
  ReSwiftConsumer:
    :path: "../"

SPEC CHECKSUMS:
  ReSwift: f4012c613e13da7398827fe5aebdb938eaed40a3
  ReSwiftConsumer: 02c72fec6829e22334f8ce22e8da4f778ab5f052

PODFILE CHECKSUM: f187350d23351242ecf623e2131ec392d7d0d053

COCOAPODS: 1.5.0
