PODS:
  - ReSwift (4.0.1)
  - ReSwiftConsumer (0.3.0):
    - ReSwift

DEPENDENCIES:
  - ReSwift
  - ReSwiftConsumer (from `../`)

SPEC REPOS:
  https://github.com/cocoapods/specs.git:
    - ReSwift

EXTERNAL SOURCES:
  ReSwiftConsumer:
    :path: "../"

SPEC CHECKSUMS:
  ReSwift: f4012c613e13da7398827fe5aebdb938eaed40a3
  ReSwiftConsumer: cb6282fcd41212e959127979366f37ff61be0a88

PODFILE CHECKSUM: 188c795c6c2c47a74ab42001209b3a5f68ba6db8

COCOAPODS: 1.5.3
